Microsoft Visual Studio Solution File, Format Version 11.00
# Visual Studio 2008

Project("{BE7621A8-13D0-4EF1-498D-B3EF4328AC6C}") = "UnityBuild 2", "Assembly-CSharp-firstpass.csproj", "{70E6B273-2FEC-E7C7-C3CF-E4F0DFFE421C}"
EndProject
Project("{BE7621A8-13D0-4EF1-498D-B3EF4328AC6C}") = "UnityBuild 2", "Assembly-UnityScript-firstpass.unityproj", "{F6CD13F3-C9DF-0572-9D1A-9F535A18BBD2}"
EndProject
Project("{BE7621A8-13D0-4EF1-498D-B3EF4328AC6C}") = "UnityBuild 2", "Assembly-UnityScript.unityproj", "{37D57221-8BF9-B664-2608-5D7AE2C9BB81}"
EndProject
Global
	GlobalSection(SolutionConfigurationPlatforms) = preSolution
		Debug|Any CPU = Debug|Any CPU
		Release|Any CPU = Release|Any CPU
	EndGlobalSection
	GlobalSection(ProjectConfigurationPlatforms) = postSolution
		{70E6B273-2FEC-E7C7-C3CF-E4F0DFFE421C}.Debug|Any CPU.ActiveCfg = Debug|Any CPU
		{70E6B273-2FEC-E7C7-C3CF-E4F0DFFE421C}.Debug|Any CPU.Build.0 = Debug|Any CPU
		{70E6B273-2FEC-E7C7-C3CF-E4F0DFFE421C}.Release|Any CPU.ActiveCfg = Release|Any CPU
		{70E6B273-2FEC-E7C7-C3CF-E4F0DFFE421C}.Release|Any CPU.Build.0 = Release|Any CPU
		{F6CD13F3-C9DF-0572-9D1A-9F535A18BBD2}.Debug|Any CPU.ActiveCfg = Debug|Any CPU
		{F6CD13F3-C9DF-0572-9D1A-9F535A18BBD2}.Debug|Any CPU.Build.0 = Debug|Any CPU
		{F6CD13F3-C9DF-0572-9D1A-9F535A18BBD2}.Release|Any CPU.ActiveCfg = Release|Any CPU
		{F6CD13F3-C9DF-0572-9D1A-9F535A18BBD2}.Release|Any CPU.Build.0 = Release|Any CPU
		{37D57221-8BF9-B664-2608-5D7AE2C9BB81}.Debug|Any CPU.ActiveCfg = Debug|Any CPU
		{37D57221-8BF9-B664-2608-5D7AE2C9BB81}.Debug|Any CPU.Build.0 = Debug|Any CPU
		{37D57221-8BF9-B664-2608-5D7AE2C9BB81}.Release|Any CPU.ActiveCfg = Release|Any CPU
		{37D57221-8BF9-B664-2608-5D7AE2C9BB81}.Release|Any CPU.Build.0 = Release|Any CPU
	EndGlobalSection
	GlobalSection(SolutionProperties) = preSolution
		HideSolutionNode = FALSE
	EndGlobalSection
																				GlobalSection(MonoDevelopProperties) = preSolution
		StartupItem = Assembly-CSharp.csproj
		Policies = $0
		$0.TextStylePolicy = $1
		$1.inheritsSet = null
		$1.scope = text/x-csharp
		$0.CSharpFormattingPolicy = $2
		$2.inheritsSet = Mono
		$2.inheritsScope = text/x-csharp
		$2.scope = text/x-csharp
		$0.TextStylePolicy = $3
		$3.FileWidth = 120
		$3.TabWidth = 4
		$3.EolMarker = Unix
		$3.inheritsSet = Mono
		$3.inheritsScope = text/plain
		$3.scope = text/plain
	EndGlobalSection

EndGlobal
